
Microsoft Visual Studio Solution File, Format Version 12.00
# Visual Studio 14
VisualStudioVersion = 14.0.25420.1
MinimumVisualStudioVersion = 10.0.40219.1
Project("{8BC9CEB8-8B4A-11D0-8D11-00A0C91BC942}") = "GlobalLauncher", "GlobalLauncher\GlobalLauncher.vcxproj", "{5074E604-DBB9-4B9C-B0C0-12AE69530032}"
EndProject
Project("{8BC9CEB8-8B4A-11D0-8D11-00A0C91BC942}") = "LibCommon", "LibCommon\LibCommon.vcxproj", "{597A7336-2817-4EAE-9FA9-A9ECB3D1A3DA}"
EndProject
Project("{8BC9CEB8-8B4A-11D0-8D11-00A0C91BC942}") = "LibGlobalNetwork", "LibGlobalNetwork\LibGlobalNetwork.vcxproj", "{1E7A60E7-B435-4773-B1F0-EA215587B31A}"
EndProject
Project("{8BC9CEB8-8B4A-11D0-8D11-00A0C91BC942}") = "LibLocalNetwork", "LibLocalNetwork\LibLocalNetwork.vcxproj", "{6B56E4E8-1960-4D34-AA5D-86D17E405B5D}"
EndProject
Project("{2150E333-8FDC-42A3-9474-1A3956D46DE8}") = "Solution Items", "Solution Items", "{D62B394F-84A3-43FF-B3DE-1F93D9305875}"
	ProjectSection(SolutionItems) = preProject
		Option\id.txt = Option\id.txt
		Option\setting.txt = Option\setting.txt
		Spec.txt = Spec.txt
	EndProjectSection
EndProject
Project("{8BC9CEB8-8B4A-11D0-8D11-00A0C91BC942}") = "LocalLauncher", "LocalLauncher\LocalLauncher.vcxproj", "{D64611A7-67F6-4522-BD37-2D18DA58360A}"
EndProject
Project("{8BC9CEB8-8B4A-11D0-8D11-00A0C91BC942}") = "LocalServer", "LocalServer\LocalServer.vcxproj", "{2490F99E-FBE3-4EC3-9627-01BCFD25D686}"
EndProject
Project("{8BC9CEB8-8B4A-11D0-8D11-00A0C91BC942}") = "GlobalCommander", "GlobalCommander\GlobalCommander.vcxproj", "{9109865D-92FC-4EBF-B41C-49255424C0C1}"
EndProject
Global
	GlobalSection(SolutionConfigurationPlatforms) = preSolution
		Debug|ARM = Debug|ARM
		Debug|x64 = Debug|x64
		Debug|x86 = Debug|x86
		Release|ARM = Release|ARM
		Release|x64 = Release|x64
		Release|x86 = Release|x86
	EndGlobalSection
	GlobalSection(ProjectConfigurationPlatforms) = postSolution
		{5074E604-DBB9-4B9C-B0C0-12AE69530032}.Debug|ARM.ActiveCfg = Debug|Win32
		{5074E604-DBB9-4B9C-B0C0-12AE69530032}.Debug|x64.ActiveCfg = Debug|x64
		{5074E604-DBB9-4B9C-B0C0-12AE69530032}.Debug|x64.Build.0 = Debug|x64
		{5074E604-DBB9-4B9C-B0C0-12AE69530032}.Debug|x86.ActiveCfg = Debug|Win32
		{5074E604-DBB9-4B9C-B0C0-12AE69530032}.Debug|x86.Build.0 = Debug|Win32
		{5074E604-DBB9-4B9C-B0C0-12AE69530032}.Release|ARM.ActiveCfg = Release|Win32
		{5074E604-DBB9-4B9C-B0C0-12AE69530032}.Release|x64.ActiveCfg = Release|x64
		{5074E604-DBB9-4B9C-B0C0-12AE69530032}.Release|x64.Build.0 = Release|x64
		{5074E604-DBB9-4B9C-B0C0-12AE69530032}.Release|x86.ActiveCfg = Release|Win32
		{5074E604-DBB9-4B9C-B0C0-12AE69530032}.Release|x86.Build.0 = Release|Win32
		{597A7336-2817-4EAE-9FA9-A9ECB3D1A3DA}.Debug|ARM.ActiveCfg = Debug|Win32
		{597A7336-2817-4EAE-9FA9-A9ECB3D1A3DA}.Debug|x64.ActiveCfg = Debug|x64
		{597A7336-2817-4EAE-9FA9-A9ECB3D1A3DA}.Debug|x64.Build.0 = Debug|x64
		{597A7336-2817-4EAE-9FA9-A9ECB3D1A3DA}.Debug|x86.ActiveCfg = Debug|Win32
		{597A7336-2817-4EAE-9FA9-A9ECB3D1A3DA}.Debug|x86.Build.0 = Debug|Win32
		{597A7336-2817-4EAE-9FA9-A9ECB3D1A3DA}.Release|ARM.ActiveCfg = Release|Win32
		{597A7336-2817-4EAE-9FA9-A9ECB3D1A3DA}.Release|x64.ActiveCfg = Release|x64
		{597A7336-2817-4EAE-9FA9-A9ECB3D1A3DA}.Release|x64.Build.0 = Release|x64
		{597A7336-2817-4EAE-9FA9-A9ECB3D1A3DA}.Release|x86.ActiveCfg = Release|Win32
		{597A7336-2817-4EAE-9FA9-A9ECB3D1A3DA}.Release|x86.Build.0 = Release|Win32
		{1E7A60E7-B435-4773-B1F0-EA215587B31A}.Debug|ARM.ActiveCfg = Debug|Win32
		{1E7A60E7-B435-4773-B1F0-EA215587B31A}.Debug|x64.ActiveCfg = Debug|x64
		{1E7A60E7-B435-4773-B1F0-EA215587B31A}.Debug|x64.Build.0 = Debug|x64
		{1E7A60E7-B435-4773-B1F0-EA215587B31A}.Debug|x86.ActiveCfg = Debug|Win32
		{1E7A60E7-B435-4773-B1F0-EA215587B31A}.Debug|x86.Build.0 = Debug|Win32
		{1E7A60E7-B435-4773-B1F0-EA215587B31A}.Release|ARM.ActiveCfg = Release|Win32
		{1E7A60E7-B435-4773-B1F0-EA215587B31A}.Release|x64.ActiveCfg = Release|x64
		{1E7A60E7-B435-4773-B1F0-EA215587B31A}.Release|x64.Build.0 = Release|x64
		{1E7A60E7-B435-4773-B1F0-EA215587B31A}.Release|x86.ActiveCfg = Release|Win32
		{1E7A60E7-B435-4773-B1F0-EA215587B31A}.Release|x86.Build.0 = Release|Win32
		{6B56E4E8-1960-4D34-AA5D-86D17E405B5D}.Debug|ARM.ActiveCfg = Debug|Win32
		{6B56E4E8-1960-4D34-AA5D-86D17E405B5D}.Debug|x64.ActiveCfg = Debug|x64
		{6B56E4E8-1960-4D34-AA5D-86D17E405B5D}.Debug|x64.Build.0 = Debug|x64
		{6B56E4E8-1960-4D34-AA5D-86D17E405B5D}.Debug|x86.ActiveCfg = Debug|Win32
		{6B56E4E8-1960-4D34-AA5D-86D17E405B5D}.Debug|x86.Build.0 = Debug|Win32
		{6B56E4E8-1960-4D34-AA5D-86D17E405B5D}.Release|ARM.ActiveCfg = Release|Win32
		{6B56E4E8-1960-4D34-AA5D-86D17E405B5D}.Release|x64.ActiveCfg = Release|x64
		{6B56E4E8-1960-4D34-AA5D-86D17E405B5D}.Release|x64.Build.0 = Release|x64
		{6B56E4E8-1960-4D34-AA5D-86D17E405B5D}.Release|x86.ActiveCfg = Release|Win32
		{6B56E4E8-1960-4D34-AA5D-86D17E405B5D}.Release|x86.Build.0 = Release|Win32
		{D64611A7-67F6-4522-BD37-2D18DA58360A}.Debug|ARM.ActiveCfg = Debug|Win32
		{D64611A7-67F6-4522-BD37-2D18DA58360A}.Debug|x64.ActiveCfg = Debug|x64
		{D64611A7-67F6-4522-BD37-2D18DA58360A}.Debug|x64.Build.0 = Debug|x64
		{D64611A7-67F6-4522-BD37-2D18DA58360A}.Debug|x86.ActiveCfg = Debug|Win32
		{D64611A7-67F6-4522-BD37-2D18DA58360A}.Debug|x86.Build.0 = Debug|Win32
		{D64611A7-67F6-4522-BD37-2D18DA58360A}.Release|ARM.ActiveCfg = Release|Win32
		{D64611A7-67F6-4522-BD37-2D18DA58360A}.Release|x64.ActiveCfg = Release|x64
		{D64611A7-67F6-4522-BD37-2D18DA58360A}.Release|x64.Build.0 = Release|x64
		{D64611A7-67F6-4522-BD37-2D18DA58360A}.Release|x86.ActiveCfg = Release|Win32
		{D64611A7-67F6-4522-BD37-2D18DA58360A}.Release|x86.Build.0 = Release|Win32
		{2490F99E-FBE3-4EC3-9627-01BCFD25D686}.Debug|ARM.ActiveCfg = Debug|Win32
		{2490F99E-FBE3-4EC3-9627-01BCFD25D686}.Debug|x64.ActiveCfg = Debug|x64
		{2490F99E-FBE3-4EC3-9627-01BCFD25D686}.Debug|x64.Build.0 = Debug|x64
		{2490F99E-FBE3-4EC3-9627-01BCFD25D686}.Debug|x86.ActiveCfg = Debug|Win32
		{2490F99E-FBE3-4EC3-9627-01BCFD25D686}.Debug|x86.Build.0 = Debug|Win32
		{2490F99E-FBE3-4EC3-9627-01BCFD25D686}.Release|ARM.ActiveCfg = Release|Win32
		{2490F99E-FBE3-4EC3-9627-01BCFD25D686}.Release|x64.ActiveCfg = Release|x64
		{2490F99E-FBE3-4EC3-9627-01BCFD25D686}.Release|x64.Build.0 = Release|x64
		{2490F99E-FBE3-4EC3-9627-01BCFD25D686}.Release|x86.ActiveCfg = Release|Win32
		{2490F99E-FBE3-4EC3-9627-01BCFD25D686}.Release|x86.Build.0 = Release|Win32
		{9109865D-92FC-4EBF-B41C-49255424C0C1}.Debug|ARM.ActiveCfg = Debug|Win32
		{9109865D-92FC-4EBF-B41C-49255424C0C1}.Debug|x64.ActiveCfg = Debug|x64
		{9109865D-92FC-4EBF-B41C-49255424C0C1}.Debug|x64.Build.0 = Debug|x64
		{9109865D-92FC-4EBF-B41C-49255424C0C1}.Debug|x86.ActiveCfg = Debug|Win32
		{9109865D-92FC-4EBF-B41C-49255424C0C1}.Debug|x86.Build.0 = Debug|Win32
		{9109865D-92FC-4EBF-B41C-49255424C0C1}.Release|ARM.ActiveCfg = Release|Win32
		{9109865D-92FC-4EBF-B41C-49255424C0C1}.Release|x64.ActiveCfg = Release|x64
		{9109865D-92FC-4EBF-B41C-49255424C0C1}.Release|x64.Build.0 = Release|x64
		{9109865D-92FC-4EBF-B41C-49255424C0C1}.Release|x86.ActiveCfg = Release|Win32
		{9109865D-92FC-4EBF-B41C-49255424C0C1}.Release|x86.Build.0 = Release|Win32
	EndGlobalSection
	GlobalSection(SolutionProperties) = preSolution
		HideSolutionNode = FALSE
	EndGlobalSection
EndGlobal
